
Microsoft Visual Studio Solution File, Format Version 12.00
# Visual Studio Version 16
VisualStudioVersion = 16.0.32228.343
MinimumVisualStudioVersion = 10.0.40219.1
Project("{9A19103F-16F7-4668-BE54-9A1E7A4F7556}") = "DesingPattern", "DesingPattern\DesingPattern.csproj", "{572D9522-4C09-4A3C-8E89-B3D25D522F61}"
EndProject
Project("{9A19103F-16F7-4668-BE54-9A1E7A4F7556}") = "DesingPattermsAsp", "DesingPattermsAsp\DesingPattermsAsp.csproj", "{D4FD2B0F-B4BE-4BE8-8A64-AC4CD0DFB599}"
EndProject
Project("{9A19103F-16F7-4668-BE54-9A1E7A4F7556}") = "Tools", "Tools\Tools.csproj", "{F92A8F57-D327-4EAC-BF91-6DD8F326B985}"
EndProject
Project("{FAE04EC0-301F-11D3-BF4B-00C04F79EFBC}") = "DesignPatterns.Models", "DesignPatterns.Models\DesignPatterns.Models.csproj", "{9E825ACE-2383-4808-9AB3-66B1C885BAC6}"
EndProject
Project("{FAE04EC0-301F-11D3-BF4B-00C04F79EFBC}") = "DesignPatterns.Repository", "DesignPatterns.Repository\DesignPatterns.Repository.csproj", "{3403F29C-A0AE-4FA5-A47B-AEA195F9B333}"
EndProject
Global
	GlobalSection(SolutionConfigurationPlatforms) = preSolution
		Debug|Any CPU = Debug|Any CPU
		Release|Any CPU = Release|Any CPU
	EndGlobalSection
	GlobalSection(ProjectConfigurationPlatforms) = postSolution
		{572D9522-4C09-4A3C-8E89-B3D25D522F61}.Debug|Any CPU.ActiveCfg = Debug|Any CPU
		{572D9522-4C09-4A3C-8E89-B3D25D522F61}.Debug|Any CPU.Build.0 = Debug|Any CPU
		{572D9522-4C09-4A3C-8E89-B3D25D522F61}.Release|Any CPU.ActiveCfg = Release|Any CPU
		{572D9522-4C09-4A3C-8E89-B3D25D522F61}.Release|Any CPU.Build.0 = Release|Any CPU
		{D4FD2B0F-B4BE-4BE8-8A64-AC4CD0DFB599}.Debug|Any CPU.ActiveCfg = Debug|Any CPU
		{D4FD2B0F-B4BE-4BE8-8A64-AC4CD0DFB599}.Debug|Any CPU.Build.0 = Debug|Any CPU
		{D4FD2B0F-B4BE-4BE8-8A64-AC4CD0DFB599}.Release|Any CPU.ActiveCfg = Release|Any CPU
		{D4FD2B0F-B4BE-4BE8-8A64-AC4CD0DFB599}.Release|Any CPU.Build.0 = Release|Any CPU
		{F92A8F57-D327-4EAC-BF91-6DD8F326B985}.Debug|Any CPU.ActiveCfg = Debug|Any CPU
		{F92A8F57-D327-4EAC-BF91-6DD8F326B985}.Debug|Any CPU.Build.0 = Debug|Any CPU
		{F92A8F57-D327-4EAC-BF91-6DD8F326B985}.Release|Any CPU.ActiveCfg = Release|Any CPU
		{F92A8F57-D327-4EAC-BF91-6DD8F326B985}.Release|Any CPU.Build.0 = Release|Any CPU
		{9E825ACE-2383-4808-9AB3-66B1C885BAC6}.Debug|Any CPU.ActiveCfg = Debug|Any CPU
		{9E825ACE-2383-4808-9AB3-66B1C885BAC6}.Debug|Any CPU.Build.0 = Debug|Any CPU
		{9E825ACE-2383-4808-9AB3-66B1C885BAC6}.Release|Any CPU.ActiveCfg = Release|Any CPU
		{9E825ACE-2383-4808-9AB3-66B1C885BAC6}.Release|Any CPU.Build.0 = Release|Any CPU
		{3403F29C-A0AE-4FA5-A47B-AEA195F9B333}.Debug|Any CPU.ActiveCfg = Debug|Any CPU
		{3403F29C-A0AE-4FA5-A47B-AEA195F9B333}.Debug|Any CPU.Build.0 = Debug|Any CPU
		{3403F29C-A0AE-4FA5-A47B-AEA195F9B333}.Release|Any CPU.ActiveCfg = Release|Any CPU
		{3403F29C-A0AE-4FA5-A47B-AEA195F9B333}.Release|Any CPU.Build.0 = Release|Any CPU
	EndGlobalSection
	GlobalSection(SolutionProperties) = preSolution
		HideSolutionNode = FALSE
	EndGlobalSection
	GlobalSection(ExtensibilityGlobals) = postSolution
		SolutionGuid = {8BF1FC59-2CA6-401B-8ACD-96C458E1ECF2}
	EndGlobalSection
EndGlobal
